<?xml version="1.0" encoding="utf-8"?>
<Project ToolsVersion="4.0" xmlns="http://schemas.microsoft.com/developer/msbuild/2003">
  <ItemGroup>
    <Filter Include="Source Files">
      <UniqueIdentifier>{4FC737F1-C7A5-4376-A066-2A32D752A2FF}</UniqueIdentifier>
      <Extensions>cpp;c;cc;cxx;def;odl;idl;hpj;bat;asm;asmx</Extensions>
    </Filter>
    <Filter Include="Header Files">
      <UniqueIdentifier>{93995380-89BD-4b04-88EB-625FBE52EBFB}</UniqueIdentifier>
      <Extensions>h;hh;hpp;hxx;hm;inl;inc;ipp;xsd</Extensions>
    </Filter>
    <Filter Include="Resource Files">
      <UniqueIdentifier>{67DA6AB6-F800-4c08-8B7A-83BB121AAD01}</UniqueIdentifier>
      <Extensions>rc;ico;cur;bmp;dlg;rc2;rct;bin;rgs;gif;jpg;jpeg;jpe;resx;tiff;tif;png;wav;mfcribbon-ms</Extensions>
    </Filter>
    <Filter Include="Header Files\Core">
      <UniqueIdentifier>{17cc63f5-6e85-42e8-af3d-4ffde4f96621}</UniqueIdentifier>
    </Filter>
    <Filter Include="Source Files\Core">
      <UniqueIdentifier>{ea1ee187-35be-4ba7-82a1-f228aa8345be}</UniqueIdentifier>
    </Filter>
    <Filter Include="Header Files\System Extension">
      <UniqueIdentifier>{1be7173c-0ca6-47c8-8ed3-713994efdaee}</UniqueIdentifier>
    </Filter>
    <Filter Include="Source Files\System Extension">
      <UniqueIdentifier>{b6384df2-8358-4bba-a10d-0375298d3cf7}</UniqueIdentifier>
    </Filter>
    <Filter Include="Header Files\System Extension\State">
      <UniqueIdentifier>{061be7fb-06b9-4505-ab56-9db5d0ad54e6}</UniqueIdentifier>
    </Filter>
    <Filter Include="Source Files\System Extension\State">
      <UniqueIdentifier>{217966fc-5cd5-4e05-8e74-2f84ec978459}</UniqueIdentifier>
    </Filter>
    <Filter Include="Header Files\Resources">
      <UniqueIdentifier>{a12c214e-a1c8-40f6-bdaa-1a41e4acf18a}</UniqueIdentifier>
    </Filter>
    <Filter Include="Source Files\Resources">
      <UniqueIdentifier>{a5a0078b-8f18-4329-86ef-0a2d6cdf3866}</UniqueIdentifier>
    </Filter>
    <Filter Include="Header Files\System Extension\Entity">
      <UniqueIdentifier>{d4c66570-16fc-4a35-8898-ea69169da4ac}</UniqueIdentifier>
    </Filter>
    <Filter Include="Header Files\System Extension\Manager">
      <UniqueIdentifier>{1ce42451-c39c-41fb-93de-11000c9091ed}</UniqueIdentifier>
    </Filter>
    <Filter Include="Source Files\System Extension\Manager">
      <UniqueIdentifier>{56a9e8d0-cdad-453a-812b-407bad354847}</UniqueIdentifier>
    </Filter>
    <Filter Include="Header Files\System Extension\Graphic">
      <UniqueIdentifier>{cec38db2-0ee8-4377-beb7-20c2517f3106}</UniqueIdentifier>
    </Filter>
    <Filter Include="Source Files\System Extension\Graphic">
      <UniqueIdentifier>{970a232a-89e2-4890-be7c-4cf663c68373}</UniqueIdentifier>
    </Filter>
    <Filter Include="Source Files\System Extension\Entity">
      <UniqueIdentifier>{cd91b763-424d-4934-9508-a7b3957e56f0}</UniqueIdentifier>
    </Filter>
  </ItemGroup>
  <ItemGroup>
    <ClCompile Include="Game.cpp">
      <Filter>Source Files\Core</Filter>
    </ClCompile>
    <ClCompile Include="Main.cpp">
      <Filter>Source Files\Core</Filter>
    </ClCompile>
    <ClCompile Include="Window.cpp">
      <Filter>Source Files\Core</Filter>
    </ClCompile>
    <ClCompile Include="BaseState.cpp">
      <Filter>Source Files\System Extension\State</Filter>
    </ClCompile>
    <ClCompile Include="Map.cpp">
      <Filter>Source Files\System Extension</Filter>
    </ClCompile>
    <ClCompile Include="EventManager.cpp">
      <Filter>Source Files\System Extension\Manager</Filter>
    </ClCompile>
    <ClCompile Include="StateManager.cpp">
      <Filter>Source Files\System Extension\Manager</Filter>
    </ClCompile>
    <ClCompile Include="SpriteSheet.cpp">
      <Filter>Source Files\System Extension\Graphic</Filter>
    </ClCompile>
    <ClCompile Include="Anim_Base.cpp">
      <Filter>Source Files\System Extension\Graphic</Filter>
    </ClCompile>
    <ClCompile Include="Character.cpp">
      <Filter>Source Files\System Extension\Entity</Filter>
    </ClCompile>
    <ClCompile Include="Anim_Directional.cpp">
      <Filter>Source Files\System Extension\Graphic</Filter>
    </ClCompile>
    <ClCompile Include="EntityBase.cpp">
      <Filter>Source Files\System Extension\Entity</Filter>
    </ClCompile>
    <ClCompile Include="EntityManager.cpp">
      <Filter>Source Files\System Extension\Manager</Filter>
    </ClCompile>
  </ItemGroup>
  <ItemGroup>
    <ClInclude Include="Game.h">
      <Filter>Header Files\Core</Filter>
    </ClInclude>
    <ClInclude Include="SharedContext.h">
      <Filter>Header Files\Core</Filter>
    </ClInclude>
    <ClInclude Include="Window.h">
      <Filter>Header Files\Core</Filter>
    </ClInclude>
    <ClInclude Include="BaseState.h">
      <Filter>Header Files\System Extension\State</Filter>
    </ClInclude>
    <ClInclude Include="Utils.h">
      <Filter>Header Files\Core</Filter>
    </ClInclude>
    <ClInclude Include="ResourceManager.h">
      <Filter>Header Files\Resources</Filter>
    </ClInclude>
    <ClInclude Include="TextureManager.h">
      <Filter>Header Files\Resources</Filter>
    </ClInclude>
    <ClInclude Include="Map.h">
      <Filter>Header Files\System Extension</Filter>
    </ClInclude>
    <ClInclude Include="EntityBase.h">
      <Filter>Header Files\System Extension\Entity</Filter>
    </ClInclude>
    <ClInclude Include="EntityManager.h">
      <Filter>Header Files\System Extension\Manager</Filter>
    </ClInclude>
    <ClInclude Include="EventManager.h">
      <Filter>Header Files\System Extension\Manager</Filter>
    </ClInclude>
    <ClInclude Include="StateManager.h">
      <Filter>Header Files\System Extension\Manager</Filter>
    </ClInclude>
    <ClInclude Include="SpriteSheet.h">
      <Filter>Header Files\System Extension\Graphic</Filter>
    </ClInclude>
    <ClInclude Include="Player.h">
      <Filter>Header Files\System Extension\Entity</Filter>
    </ClInclude>
    <ClInclude Include="Anim_Base.h">
      <Filter>Header Files\System Extension\Graphic</Filter>
    </ClInclude>
    <ClInclude Include="Anim_Directional.h">
      <Filter>Header Files\System Extension\Graphic</Filter>
    </ClInclude>
    <ClInclude Include="Direction.h">
      <Filter>Header Files\System Extension</Filter>
    </ClInclude>
  </ItemGroup>
</Project>